
Microsoft Visual Studio Solution File, Format Version 12.00
# Visual Studio 2013
VisualStudioVersion = 12.0.31101.0
MinimumVisualStudioVersion = 10.0.40219.1
Project("{FAE04EC0-301F-11D3-BF4B-00C04F79EFBC}") = "MyEcomStore.WebUI", "MyEcomStore.WebUI\MyEcomStore.WebUI.csproj", "{3C350478-0832-49A5-A3A9-B8EF36AA3045}"
EndProject
Project("{FAE04EC0-301F-11D3-BF4B-00C04F79EFBC}") = "MyEcomStore.Domain", "MyEcomStore.Domain\MyEcomStore.Domain.csproj", "{358E153E-0B87-4138-8E4E-69F28FF27FF2}"
EndProject
Project("{FAE04EC0-301F-11D3-BF4B-00C04F79EFBC}") = "MyEcomStore.UnitTests", "MyEcomStore.UnitTests\MyEcomStore.UnitTests.csproj", "{E6A9EEA9-E883-477D-A5BF-1DDBDD0FA458}"
EndProject
Global
	GlobalSection(SolutionConfigurationPlatforms) = preSolution
		Debug|Any CPU = Debug|Any CPU
		Release|Any CPU = Release|Any CPU
	EndGlobalSection
	GlobalSection(ProjectConfigurationPlatforms) = postSolution
		{3C350478-0832-49A5-A3A9-B8EF36AA3045}.Debug|Any CPU.ActiveCfg = Debug|Any CPU
		{3C350478-0832-49A5-A3A9-B8EF36AA3045}.Debug|Any CPU.Build.0 = Debug|Any CPU
		{3C350478-0832-49A5-A3A9-B8EF36AA3045}.Release|Any CPU.ActiveCfg = Release|Any CPU
		{3C350478-0832-49A5-A3A9-B8EF36AA3045}.Release|Any CPU.Build.0 = Release|Any CPU
		{358E153E-0B87-4138-8E4E-69F28FF27FF2}.Debug|Any CPU.ActiveCfg = Debug|Any CPU
		{358E153E-0B87-4138-8E4E-69F28FF27FF2}.Debug|Any CPU.Build.0 = Debug|Any CPU
		{358E153E-0B87-4138-8E4E-69F28FF27FF2}.Release|Any CPU.ActiveCfg = Release|Any CPU
		{358E153E-0B87-4138-8E4E-69F28FF27FF2}.Release|Any CPU.Build.0 = Release|Any CPU
		{E6A9EEA9-E883-477D-A5BF-1DDBDD0FA458}.Debug|Any CPU.ActiveCfg = Debug|Any CPU
		{E6A9EEA9-E883-477D-A5BF-1DDBDD0FA458}.Debug|Any CPU.Build.0 = Debug|Any CPU
		{E6A9EEA9-E883-477D-A5BF-1DDBDD0FA458}.Release|Any CPU.ActiveCfg = Release|Any CPU
		{E6A9EEA9-E883-477D-A5BF-1DDBDD0FA458}.Release|Any CPU.Build.0 = Release|Any CPU
	EndGlobalSection
	GlobalSection(SolutionProperties) = preSolution
		HideSolutionNode = FALSE
	EndGlobalSection
EndGlobal
